
Microsoft Visual Studio Solution File, Format Version 12.00
# Visual Studio Version 17
VisualStudioVersion = 17.8.34330.188
MinimumVisualStudioVersion = 10.0.40219.1
Project("{FAE04EC0-301F-11D3-BF4B-00C04F79EFBC}") = "NameGenerator", "NameGenerator\NameGenerator.csproj", "{788C945C-4787-4087-8652-063151FABFCD}"
EndProject
Global
	GlobalSection(SolutionConfigurationPlatforms) = preSolution
		Debug|Any CPU = Debug|Any CPU
		Release|Any CPU = Release|Any CPU
	EndGlobalSection
	GlobalSection(ProjectConfigurationPlatforms) = postSolution
		{788C945C-4787-4087-8652-063151FABFCD}.Debug|Any CPU.ActiveCfg = Debug|Any CPU
		{788C945C-4787-4087-8652-063151FABFCD}.Debug|Any CPU.Build.0 = Debug|Any CPU
		{788C945C-4787-4087-8652-063151FABFCD}.Release|Any CPU.ActiveCfg = Release|Any CPU
		{788C945C-4787-4087-8652-063151FABFCD}.Release|Any CPU.Build.0 = Release|Any CPU
	EndGlobalSection
	GlobalSection(SolutionProperties) = preSolution
		HideSolutionNode = FALSE
	EndGlobalSection
	GlobalSection(ExtensibilityGlobals) = postSolution
		SolutionGuid = {0AC151A8-F2A9-451B-8356-BEDC4951BD74}
	EndGlobalSection
EndGlobal
